{
  "name": "FullStackApp",
  "lockfileVersion": 3,
  "requires": true,
  "packages": {
    "": {
      "dependencies": {
        "create-next-app": "^14.2.3"
      }
    },
    "node_modules/create-next-app": {
      "version": "14.2.3",
      "resolved": "https://registry.npmjs.org/create-next-app/-/create-next-app-14.2.3.tgz",
      "integrity": "sha512-R8ncYD5nCAZR11NZaWXvRq7VLUm7vEoM7C78xJ6Wf6vnPqSt0U7g/yhQqiZlW8prRL6o21nhMPSjdNHiCbAp6Q==",
      "bin": {
        "create-next-app": "dist/index.js"
      },
      "engines": {
        "node": ">=18.17.0"
      }
    }
  }
}
